// !$*UTF8*$!
{
	archiveVersion = 1;
	classes = {
	};
	objectVersion = 46;
	objects = {

/* Begin PBXBuildFile section */
		11651BD11F6C217100B9164B /* CardView.swift in Sources */ = {isa = PBXBuildFile; fileRef = 11651BD01F6C217100B9164B /* CardView.swift */; };
		11B680571F39064E007B3819 /* AppDelegate.swift in Sources */ = {isa = PBXBuildFile; fileRef = 11B680561F39064D007B3819 /* AppDelegate.swift */; };
		11B680591F39064E007B3819 /* ViewController.swift in Sources */ = {isa = PBXBuildFile; fileRef = 11B680581F39064E007B3819 /* ViewController.swift */; };
		11B6805C1F39064E007B3819 /* Main.storyboard in Resources */ = {isa = PBXBuildFile; fileRef = 11B6805A1F39064E007B3819 /* Main.storyboard */; };
		11B6805E1F39064E007B3819 /* Assets.xcassets in Resources */ = {isa = PBXBuildFile; fileRef = 11B6805D1F39064E007B3819 /* Assets.xcassets */; };
		11B680611F39064E007B3819 /* LaunchScreen.storyboard in Resources */ = {isa = PBXBuildFile; fileRef = 11B6805F1F39064E007B3819 /* LaunchScreen.storyboard */; };
		11B6806C1F39064E007B3819 /* CustomTransitionViewControllerTests.swift in Sources */ = {isa = PBXBuildFile; fileRef = 11B6806B1F39064E007B3819 /* CustomTransitionViewControllerTests.swift */; };
		11B6807A1F390704007B3819 /* CustomViewController.swift in Sources */ = {isa = PBXBuildFile; fileRef = 11B680791F390704007B3819 /* CustomViewController.swift */; };
/* End PBXBuildFile section */

/* Begin PBXContainerItemProxy section */
		11B680681F39064E007B3819 /* PBXContainerItemProxy */ = {
			isa = PBXContainerItemProxy;
			containerPortal = 11B6804B1F39064D007B3819 /* Project object */;
			proxyType = 1;
			remoteGlobalIDString = 11B680521F39064D007B3819;
			remoteInfo = CustomTransitionViewController;
		};
/* End PBXContainerItemProxy section */

/* Begin PBXFileReference section */
		11651BD01F6C217100B9164B /* CardView.swift */ = {isa = PBXFileReference; fileEncoding = 4; lastKnownFileType = sourcecode.swift; path = CardView.swift; sourceTree = "<group>"; };
		11B680531F39064D007B3819 /* CustomTransitionViewController.app */ = {isa = PBXFileReference; explicitFileType = wrapper.application; includeInIndex = 0; path = CustomTransitionViewController.app; sourceTree = BUILT_PRODUCTS_DIR; };
		11B680561F39064D007B3819 /* AppDelegate.swift */ = {isa = PBXFileReference; lastKnownFileType = sourcecode.swift; path = AppDelegate.swift; sourceTree = "<group>"; };
		11B680581F39064E007B3819 /* ViewController.swift */ = {isa = PBXFileReference; lastKnownFileType = sourcecode.swift; path = ViewController.swift; sourceTree = "<group>"; };
		11B6805B1F39064E007B3819 /* Base */ = {isa = PBXFileReference; lastKnownFileType = file.storyboard; name = Base; path = Base.lproj/Main.storyboard; sourceTree = "<group>"; };
		11B6805D1F39064E007B3819 /* Assets.xcassets */ = {isa = PBXFileReference; lastKnownFileType = folder.assetcatalog; path = Assets.xcassets; sourceTree = "<group>"; };
		11B680601F39064E007B3819 /* Base */ = {isa = PBXFileReference; lastKnownFileType = file.storyboard; name = Base; path = Base.lproj/LaunchScreen.storyboard; sourceTree = "<group>"; };
		11B680621F39064E007B3819 /* Info.plist */ = {isa = PBXFileReference; lastKnownFileType = text.plist.xml; path = Info.plist; sourceTree = "<group>"; };
		11B680671F39064E007B3819 /* CustomTransitionViewControllerTests.xctest */ = {isa = PBXFileReference; explicitFileType = wrapper.cfbundle; includeInIndex = 0; path = CustomTransitionViewControllerTests.xctest; sourceTree = BUILT_PRODUCTS_DIR; };
		11B6806B1F39064E007B3819 /* CustomTransitionViewControllerTests.swift */ = {isa = PBXFileReference; lastKnownFileType = sourcecode.swift; path = CustomTransitionViewControllerTests.swift; sourceTree = "<group>"; };
		11B6806D1F39064E007B3819 /* Info.plist */ = {isa = PBXFileReference; lastKnownFileType = text.plist.xml; path = Info.plist; sourceTree = "<group>"; };
		11B680791F390704007B3819 /* CustomViewController.swift */ = {isa = PBXFileReference; fileEncoding = 4; lastKnownFileType = sourcecode.swift; path = CustomViewController.swift; sourceTree = "<group>"; };
/* End PBXFileReference section */

/* Begin PBXFrameworksBuildPhase section */
		11B680501F39064D007B3819 /* Frameworks */ = {
			isa = PBXFrameworksBuildPhase;
			buildActionMask = 2147483647;
			files = (
			);
			runOnlyForDeploymentPostprocessing = 0;
		};
		11B680641F39064E007B3819 /* Frameworks */ = {
			isa = PBXFrameworksBuildPhase;
			buildActionMask = 2147483647;
			files = (
			);
			runOnlyForDeploymentPostprocessing = 0;
		};
/* End PBXFrameworksBuildPhase section */

/* Begin PBXGroup section */
		11B6804A1F39064D007B3819 = {
			isa = PBXGroup;
			children = (
				11B680551F39064D007B3819 /* CustomTransitionViewController */,
				11B6806A1F39064E007B3819 /* CustomTransitionViewControllerTests */,
				11B680541F39064D007B3819 /* Products */,
			);
			sourceTree = "<group>";
		};
		11B680541F39064D007B3819 /* Products */ = {
			isa = PBXGroup;
			children = (
				11B680531F39064D007B3819 /* CustomTransitionViewController.app */,
				11B680671F39064E007B3819 /* CustomTransitionViewControllerTests.xctest */,
			);
			name = Products;
			sourceTree = "<group>";
		};
		11B680551F39064D007B3819 /* CustomTransitionViewController */ = {
			isa = PBXGroup;
			children = (
				11B680561F39064D007B3819 /* AppDelegate.swift */,
				11B680581F39064E007B3819 /* ViewController.swift */,
				11B680791F390704007B3819 /* CustomViewController.swift */,
				11B6805A1F39064E007B3819 /* Main.storyboard */,
				11B6805D1F39064E007B3819 /* Assets.xcassets */,
				11B6805F1F39064E007B3819 /* LaunchScreen.storyboard */,
				11B680621F39064E007B3819 /* Info.plist */,
				11651BD01F6C217100B9164B /* CardView.swift */,
			);
			path = CustomTransitionViewController;
			sourceTree = "<group>";
		};
		11B6806A1F39064E007B3819 /* CustomTransitionViewControllerTests */ = {
			isa = PBXGroup;
			children = (
				11B6806B1F39064E007B3819 /* CustomTransitionViewControllerTests.swift */,
				11B6806D1F39064E007B3819 /* Info.plist */,
			);
			path = CustomTransitionViewControllerTests;
			sourceTree = "<group>";
		};
/* End PBXGroup section */

/* Begin PBXNativeTarget section */
		11B680521F39064D007B3819 /* CustomTransitionViewController */ = {
			isa = PBXNativeTarget;
			buildConfigurationList = 11B680701F39064E007B3819 /* Build configuration list for PBXNativeTarget "CustomTransitionViewController" */;
			buildPhases = (
				11B6804F1F39064D007B3819 /* Sources */,
				11B680501F39064D007B3819 /* Frameworks */,
				11B680511F39064D007B3819 /* Resources */,
			);
			buildRules = (
			);
			dependencies = (
			);
			name = CustomTransitionViewController;
			productName = CustomTransitionViewController;
			productReference = 11B680531F39064D007B3819 /* CustomTransitionViewController.app */;
			productType = "com.apple.product-type.application";
		};
		11B680661F39064E007B3819 /* CustomTransitionViewControllerTests */ = {
			isa = PBXNativeTarget;
			buildConfigurationList = 11B680731F39064E007B3819 /* Build configuration list for PBXNativeTarget "CustomTransitionViewControllerTests" */;
			buildPhases = (
				11B680631F39064E007B3819 /* Sources */,
				11B680641F39064E007B3819 /* Frameworks */,
				11B680651F39064E007B3819 /* Resources */,
			);
			buildRules = (
			);
			dependencies = (
				11B680691F39064E007B3819 /* PBXTargetDependency */,
			);
			name = CustomTransitionViewControllerTests;
			productName = CustomTransitionViewControllerTests;
			productReference = 11B680671F39064E007B3819 /* CustomTransitionViewControllerTests.xctest */;
			productType = "com.apple.product-type.bundle.unit-test";
		};
/* End PBXNativeTarget section */

/* Begin PBXProject section */
		11B6804B1F39064D007B3819 /* Project object */ = {
			isa = PBXProject;
			attributes = {
				LastSwiftUpdateCheck = 0830;
				LastUpgradeCheck = 0830;
				ORGANIZATIONNAME = "Studio WO";
				TargetAttributes = {
					11B680521F39064D007B3819 = {
						CreatedOnToolsVersion = 8.3.3;
						DevelopmentTeam = 5T7FR4UXG4;
						ProvisioningStyle = Automatic;
					};
					11B680661F39064E007B3819 = {
						CreatedOnToolsVersion = 8.3.3;
						DevelopmentTeam = N6J63MHP63;
						ProvisioningStyle = Automatic;
						TestTargetID = 11B680521F39064D007B3819;
					};
				};
			};
			buildConfigurationList = 11B6804E1F39064D007B3819 /* Build configuration list for PBXProject "CustomTransitionViewController" */;
			compatibilityVersion = "Xcode 3.2";
			developmentRegion = English;
			hasScannedForEncodings = 0;
			knownRegions = (
				en,
				Base,
			);
			mainGroup = 11B6804A1F39064D007B3819;
			productRefGroup = 11B680541F39064D007B3819 /* Products */;
			projectDirPath = "";
			projectRoot = "";
			targets = (
				11B680521F39064D007B3819 /* CustomTransitionViewController */,
				11B680661F39064E007B3819 /* CustomTransitionViewControllerTests */,
			);
		};
/* End PBXProject section */

/* Begin PBXResourcesBuildPhase section */
		11B680511F39064D007B3819 /* Resources */ = {
			isa = PBXResourcesBuildPhase;
			buildActionMask = 2147483647;
			files = (
				11B680611F39064E007B3819 /* LaunchScreen.storyboard in Resources */,
				11B6805E1F39064E007B3819 /* Assets.xcassets in Resources */,
				11B6805C1F39064E007B3819 /* Main.storyboard in Resources */,
			);
			runOnlyForDeploymentPostprocessing = 0;
		};
		11B680651F39064E007B3819 /* Resources */ = {
			isa = PBXResourcesBuildPhase;
			buildActionMask = 2147483647;
			files = (
			);
			runOnlyForDeploymentPostprocessing = 0;
		};
/* End PBXResourcesBuildPhase section */

/* Begin PBXSourcesBuildPhase section */
		11B6804F1F39064D007B3819 /* Sources */ = {
			isa = PBXSourcesBuildPhase;
			buildActionMask = 2147483647;
			files = (
				11B680591F39064E007B3819 /* ViewController.swift in Sources */,
				11B680571F39064E007B3819 /* AppDelegate.swift in Sources */,
				11651BD11F6C217100B9164B /* CardView.swift in Sources */,
				11B6807A1F390704007B3819 /* CustomViewController.swift in Sources */,
			);
			runOnlyForDeploymentPostprocessing = 0;
		};
		11B680631F39064E007B3819 /* Sources */ = {
			isa = PBXSourcesBuildPhase;
			buildActionMask = 2147483647;
			files = (
				11B6806C1F39064E007B3819 /* CustomTransitionViewControllerTests.swift in Sources */,
			);
			runOnlyForDeploymentPostprocessing = 0;
		};
/* End PBXSourcesBuildPhase section */

/* Begin PBXTargetDependency section */
		11B680691F39064E007B3819 /* PBXTargetDependency */ = {
			isa = PBXTargetDependency;
			target = 11B680521F39064D007B3819 /* CustomTransitionViewController */;
			targetProxy = 11B680681F39064E007B3819 /* PBXContainerItemProxy */;
		};
/* End PBXTargetDependency section */

/* Begin PBXVariantGroup section */
		11B6805A1F39064E007B3819 /* Main.storyboard */ = {
			isa = PBXVariantGroup;
			children = (
				11B6805B1F39064E007B3819 /* Base */,
			);
			name = Main.storyboard;
			sourceTree = "<group>";
		};
		11B6805F1F39064E007B3819 /* LaunchScreen.storyboard */ = {
			isa = PBXVariantGroup;
			children = (
				11B680601F39064E007B3819 /* Base */,
			);
			name = LaunchScreen.storyboard;
			sourceTree = "<group>";
		};
/* End PBXVariantGroup section */

/* Begin XCBuildConfiguration section */
		11B6806E1F39064E007B3819 /* Debug */ = {
			isa = XCBuildConfiguration;
			buildSettings = {
				ALWAYS_SEARCH_USER_PATHS = NO;
				CLANG_ANALYZER_NONNULL = YES;
				CLANG_ANALYZER_NUMBER_OBJECT_CONVERSION = YES_AGGRESSIVE;
				CLANG_CXX_LANGUAGE_STANDARD = "gnu++0x";
				CLANG_CXX_LIBRARY = "libc++";
				CLANG_ENABLE_MODULES = YES;
				CLANG_ENABLE_OBJC_ARC = YES;
				CLANG_WARN_BOOL_CONVERSION = YES;
				CLANG_WARN_CONSTANT_CONVERSION = YES;
				CLANG_WARN_DIRECT_OBJC_ISA_USAGE = YES_ERROR;
				CLANG_WARN_DOCUMENTATION_COMMENTS = YES;
				CLANG_WARN_EMPTY_BODY = YES;
				CLANG_WARN_ENUM_CONVERSION = YES;
				CLANG_WARN_INFINITE_RECURSION = YES;
				CLANG_WARN_INT_CONVERSION = YES;
				CLANG_WARN_OBJC_ROOT_CLASS = YES_ERROR;
				CLANG_WARN_SUSPICIOUS_MOVE = YES;
				CLANG_WARN_UNREACHABLE_CODE = YES;
				CLANG_WARN__DUPLICATE_METHOD_MATCH = YES;
				"CODE_SIGN_IDENTITY[sdk=iphoneos*]" = "iPhone Developer";
				COPY_PHASE_STRIP = NO;
				DEBUG_INFORMATION_FORMAT = dwarf;
				ENABLE_STRICT_OBJC_MSGSEND = YES;
				ENABLE_TESTABILITY = YES;
				GCC_C_LANGUAGE_STANDARD = gnu99;
				GCC_DYNAMIC_NO_PIC = NO;
				GCC_NO_COMMON_BLOCKS = YES;
				GCC_OPTIMIZATION_LEVEL = 0;
				GCC_PREPROCESSOR_DEFINITIONS = (
					"DEBUG=1",
					"$(inherited)",
				);
				GCC_WARN_64_TO_32_BIT_CONVERSION = YES;
				GCC_WARN_ABOUT_RETURN_TYPE = YES_ERROR;
				GCC_WARN_UNDECLARED_SELECTOR = YES;
				GCC_WARN_UNINITIALIZED_AUTOS = YES_AGGRESSIVE;
				GCC_WARN_UNUSED_FUNCTION = YES;
				GCC_WARN_UNUSED_VARIABLE = YES;
				IPHONEOS_DEPLOYMENT_TARGET = 10.3;
				MTL_ENABLE_DEBUG_INFO = YES;
				ONLY_ACTIVE_ARCH = YES;
				SDKROOT = iphoneos;
				SWIFT_ACTIVE_COMPILATION_CONDITIONS = DEBUG;
				SWIFT_OPTIMIZATION_LEVEL = "-Onone";
				TARGETED_DEVICE_FAMILY = "1,2";
			};
			name = Debug;
		};
		11B6806F1F39064E007B3819 /* Release */ = {
			isa = XCBuildConfiguration;
			buildSettings = {
				ALWAYS_SEARCH_USER_PATHS = NO;
				CLANG_ANALYZER_NONNULL = YES;
				CLANG_ANALYZER_NUMBER_OBJECT_CONVERSION = YES_AGGRESSIVE;
				CLANG_CXX_LANGUAGE_STANDARD = "gnu++0x";
				CLANG_CXX_LIBRARY = "libc++";
				CLANG_ENABLE_MODULES = YES;
				CLANG_ENABLE_OBJC_ARC = YES;
				CLANG_WARN_BOOL_CONVERSION = YES;
				CLANG_WARN_CONSTANT_CONVERSION = YES;
				CLANG_WARN_DIRECT_OBJC_ISA_USAGE = YES_ERROR;
				CLANG_WARN_DOCUMENTATION_COMMENTS = YES;
				CLANG_WARN_EMPTY_BODY = YES;
				CLANG_WARN_ENUM_CONVERSION = YES;
				CLANG_WARN_INFINITE_RECURSION = YES;
				CLANG_WARN_INT_CONVERSION = YES;
				CLANG_WARN_OBJC_ROOT_CLASS = YES_ERROR;
				CLANG_WARN_SUSPICIOUS_MOVE = YES;
				CLANG_WARN_UNREACHABLE_CODE = YES;
				CLANG_WARN__DUPLICATE_METHOD_MATCH = YES;
				"CODE_SIGN_IDENTITY[sdk=iphoneos*]" = "iPhone Developer";
				COPY_PHASE_STRIP = NO;
				DEBUG_INFORMATION_FORMAT = "dwarf-with-dsym";
				ENABLE_NS_ASSERTIONS = NO;
				ENABLE_STRICT_OBJC_MSGSEND = YES;
				GCC_C_LANGUAGE_STANDARD = gnu99;
				GCC_NO_COMMON_BLOCKS = YES;
				GCC_WARN_64_TO_32_BIT_CONVERSION = YES;
				GCC_WARN_ABOUT_RETURN_TYPE = YES_ERROR;
				GCC_WARN_UNDECLARED_SELECTOR = YES;
				GCC_WARN_UNINITIALIZED_AUTOS = YES_AGGRESSIVE;
				GCC_WARN_UNUSED_FUNCTION = YES;
				GCC_WARN_UNUSED_VARIABLE = YES;
				IPHONEOS_DEPLOYMENT_TARGET = 10.3;
				MTL_ENABLE_DEBUG_INFO = NO;
				SDKROOT = iphoneos;
				SWIFT_OPTIMIZATION_LEVEL = "-Owholemodule";
				TARGETED_DEVICE_FAMILY = "1,2";
				VALIDATE_PRODUCT = YES;
			};
			name = Release;
		};
		11B680711F39064E007B3819 /* Debug */ = {
			isa = XCBuildConfiguration;
			buildSettings = {
				ASSETCATALOG_COMPILER_APPICON_NAME = AppIcon;
				DEVELOPMENT_TEAM = 5T7FR4UXG4;
				INFOPLIST_FILE = CustomTransitionViewController/Info.plist;
				LD_RUNPATH_SEARCH_PATHS = "$(inherited) @executable_path/Frameworks";
				PRODUCT_BUNDLE_IDENTIFIER = StudioWO.CustomTransitionViewController;
				PRODUCT_NAME = "$(TARGET_NAME)";
				SWIFT_VERSION = 3.0;
			};
			name = Debug;
		};
		11B680721F39064E007B3819 /* Release */ = {
			isa = XCBuildConfiguration;
			buildSettings = {
				ASSETCATALOG_COMPILER_APPICON_NAME = AppIcon;
				DEVELOPMENT_TEAM = 5T7FR4UXG4;
				INFOPLIST_FILE = CustomTransitionViewController/Info.plist;
				LD_RUNPATH_SEARCH_PATHS = "$(inherited) @executable_path/Frameworks";
				PRODUCT_BUNDLE_IDENTIFIER = StudioWO.CustomTransitionViewController;
				PRODUCT_NAME = "$(TARGET_NAME)";
				SWIFT_VERSION = 3.0;
			};
			name = Release;
		};
		11B680741F39064E007B3819 /* Debug */ = {
			isa = XCBuildConfiguration;
			buildSettings = {
				ALWAYS_EMBED_SWIFT_STANDARD_LIBRARIES = YES;
				BUNDLE_LOADER = "$(TEST_HOST)";
				DEVELOPMENT_TEAM = N6J63MHP63;
				INFOPLIST_FILE = CustomTransitionViewControllerTests/Info.plist;
				LD_RUNPATH_SEARCH_PATHS = "$(inherited) @executable_path/Frameworks @loader_path/Frameworks";
				PRODUCT_BUNDLE_IDENTIFIER = StudioWO.CustomTransitionViewControllerTests;
				PRODUCT_NAME = "$(TARGET_NAME)";
				SWIFT_VERSION = 3.0;
				TEST_HOST = "$(BUILT_PRODUCTS_DIR)/CustomTransitionViewController.app/CustomTransitionViewController";
			};
			name = Debug;
		};
		11B680751F39064E007B3819 /* Release */ = {
			isa = XCBuildConfiguration;
			buildSettings = {
				ALWAYS_EMBED_SWIFT_STANDARD_LIBRARIES = YES;
				BUNDLE_LOADER = "$(TEST_HOST)";
				DEVELOPMENT_TEAM = N6J63MHP63;
				INFOPLIST_FILE = CustomTransitionViewControllerTests/Info.plist;
				LD_RUNPATH_SEARCH_PATHS = "$(inherited) @executable_path/Frameworks @loader_path/Frameworks";
				PRODUCT_BUNDLE_IDENTIFIER = StudioWO.CustomTransitionViewControllerTests;
				PRODUCT_NAME = "$(TARGET_NAME)";
				SWIFT_VERSION = 3.0;
				TEST_HOST = "$(BUILT_PRODUCTS_DIR)/CustomTransitionViewController.app/CustomTransitionViewController";
			};
			name = Release;
		};
/* End XCBuildConfiguration section */

/* Begin XCConfigurationList section */
		11B6804E1F39064D007B3819 /* Build configuration list for PBXProject "CustomTransitionViewController" */ = {
			isa = XCConfigurationList;
			buildConfigurations = (
				11B6806E1F39064E007B3819 /* Debug */,
				11B6806F1F39064E007B3819 /* Release */,
			);
			defaultConfigurationIsVisible = 0;
			defaultConfigurationName = Release;
		};
		11B680701F39064E007B3819 /* Build configuration list for PBXNativeTarget "CustomTransitionViewController" */ = {
			isa = XCConfigurationList;
			buildConfigurations = (
				11B680711F39064E007B3819 /* Debug */,
				11B680721F39064E007B3819 /* Release */,
			);
			defaultConfigurationIsVisible = 0;
			defaultConfigurationName = Release;
		};
		11B680731F39064E007B3819 /* Build configuration list for PBXNativeTarget "CustomTransitionViewControllerTests" */ = {
			isa = XCConfigurationList;
			buildConfigurations = (
				11B680741F39064E007B3819 /* Debug */,
				11B680751F39064E007B3819 /* Release */,
			);
			defaultConfigurationIsVisible = 0;
			defaultConfigurationName = Release;
		};
/* End XCConfigurationList section */
	};
	rootObject = 11B6804B1F39064D007B3819 /* Project object */;
}
